
Microsoft Visual Studio Solution File, Format Version 12.00
# Visual Studio Version 17
VisualStudioVersion = 17.10.35027.167
MinimumVisualStudioVersion = 10.0.40219.1
Project("{FAE04EC0-301F-11D3-BF4B-00C04F79EFBC}") = "PatikaWeek5Film", "PatikaWeek5Film\PatikaWeek5Film.csproj", "{261B607D-9073-4488-B90F-842898252DC6}"
EndProject
Global
	GlobalSection(SolutionConfigurationPlatforms) = preSolution
		Debug|Any CPU = Debug|Any CPU
		Release|Any CPU = Release|Any CPU
	EndGlobalSection
	GlobalSection(ProjectConfigurationPlatforms) = postSolution
		{261B607D-9073-4488-B90F-842898252DC6}.Debug|Any CPU.ActiveCfg = Debug|Any CPU
		{261B607D-9073-4488-B90F-842898252DC6}.Debug|Any CPU.Build.0 = Debug|Any CPU
		{261B607D-9073-4488-B90F-842898252DC6}.Release|Any CPU.ActiveCfg = Release|Any CPU
		{261B607D-9073-4488-B90F-842898252DC6}.Release|Any CPU.Build.0 = Release|Any CPU
	EndGlobalSection
	GlobalSection(SolutionProperties) = preSolution
		HideSolutionNode = FALSE
	EndGlobalSection
	GlobalSection(ExtensibilityGlobals) = postSolution
		SolutionGuid = {E7567545-4F17-466C-8513-66DFF631D875}
	EndGlobalSection
EndGlobal
